
Microsoft Visual Studio Solution File, Format Version 12.00
# Visual Studio 14
VisualStudioVersion = 14.0.25123.0
MinimumVisualStudioVersion = 10.0.40219.1
Project("{D954291E-2A0B-460D-934E-DC6B0785DB48}") = "TypeHelpers", "TypeHelpers\TypeHelpers.shproj", "{BADF97E6-7BC1-428F-A241-45C6837694A6}"
EndProject
Global
	GlobalSection(SharedMSBuildProjectFiles) = preSolution
		TypeHelpers\TypeHelpers.projitems*{badf97e6-7bc1-428f-a241-45c6837694a6}*SharedItemsImports = 13
	EndGlobalSection
	GlobalSection(SolutionProperties) = preSolution
		HideSolutionNode = FALSE
	EndGlobalSection
EndGlobal
